
Microsoft Visual Studio Solution File, Format Version 12.00
# Visual Studio Version 17
VisualStudioVersion = 17.13.35806.99 d17.13
MinimumVisualStudioVersion = 10.0.40219.1
Project("{FAE04EC0-301F-11D3-BF4B-00C04F79EFBC}") = "progGrafica1", "progGrafica1\progGrafica1.csproj", "{A550C174-D58D-4F3D-AA24-6D1FCDA9DA31}"
EndProject
Global
	GlobalSection(SolutionConfigurationPlatforms) = preSolution
		Debug|Any CPU = Debug|Any CPU
		Release|Any CPU = Release|Any CPU
	EndGlobalSection
	GlobalSection(ProjectConfigurationPlatforms) = postSolution
		{A550C174-D58D-4F3D-AA24-6D1FCDA9DA31}.Debug|Any CPU.ActiveCfg = Debug|Any CPU
		{A550C174-D58D-4F3D-AA24-6D1FCDA9DA31}.Debug|Any CPU.Build.0 = Debug|Any CPU
		{A550C174-D58D-4F3D-AA24-6D1FCDA9DA31}.Release|Any CPU.ActiveCfg = Release|Any CPU
		{A550C174-D58D-4F3D-AA24-6D1FCDA9DA31}.Release|Any CPU.Build.0 = Release|Any CPU
	EndGlobalSection
	GlobalSection(SolutionProperties) = preSolution
		HideSolutionNode = FALSE
	EndGlobalSection
	GlobalSection(ExtensibilityGlobals) = postSolution
		SolutionGuid = {31E66175-58F9-40C5-B43A-DDA54285305F}
	EndGlobalSection
EndGlobal
